{
  "name": "weather-app",
  "lockfileVersion": 2,
  "requires": true,
  "packages": {
    "": {
      "dependencies": {
        "@expo-google-fonts/questrial": "^0.2.2",
        "dotenv": "^16.0.2"
      }
    },
    "node_modules/@expo-google-fonts/questrial": {
      "version": "0.2.2",
      "resolved": "https://registry.npmjs.org/@expo-google-fonts/questrial/-/questrial-0.2.2.tgz",
      "integrity": "sha512-LQ/OIT4tRIrTUTEejQWHZcYGvBUZHfRlEkTqCTQr3qnOjFvi36GLWipMapkTgoGvFqrEhQFAcIcsq+litunsgA=="
    },
    "node_modules/dotenv": {
      "version": "16.0.2",
      "resolved": "https://registry.npmjs.org/dotenv/-/dotenv-16.0.2.tgz",
      "integrity": "sha512-JvpYKUmzQhYoIFgK2MOnF3bciIZoItIIoryihy0rIA+H4Jy0FmgyKYAHCTN98P5ybGSJcIFbh6QKeJdtZd1qhA==",
      "engines": {
        "node": ">=12"
      }
    }
  },
  "dependencies": {
    "@expo-google-fonts/questrial": {
      "version": "0.2.2",
      "resolved": "https://registry.npmjs.org/@expo-google-fonts/questrial/-/questrial-0.2.2.tgz",
      "integrity": "sha512-LQ/OIT4tRIrTUTEejQWHZcYGvBUZHfRlEkTqCTQr3qnOjFvi36GLWipMapkTgoGvFqrEhQFAcIcsq+litunsgA=="
    },
    "dotenv": {
      "version": "16.0.2",
      "resolved": "https://registry.npmjs.org/dotenv/-/dotenv-16.0.2.tgz",
      "integrity": "sha512-JvpYKUmzQhYoIFgK2MOnF3bciIZoItIIoryihy0rIA+H4Jy0FmgyKYAHCTN98P5ybGSJcIFbh6QKeJdtZd1qhA=="
    }
  }
}
